
Microsoft Visual Studio Solution File, Format Version 12.00
# Visual Studio 15
VisualStudioVersion = 15.0.27703.2026
MinimumVisualStudioVersion = 10.0.40219.1
Project("{9A19103F-16F7-4668-BE54-9A1E7A4F7556}") = "Otc.ComponentModel.Annotations", "src\Otc.ComponentModel.Annotations.csproj", "{61717C1E-3A16-4011-A9B3-ED8EA0A2BE73}"
EndProject
Project("{9A19103F-16F7-4668-BE54-9A1E7A4F7556}") = "Otc.ComponentModel.Annotations.Tests", "tests\Otc.ComponentModel.Annotations.Tests.csproj", "{C0D9D824-F6E8-4789-8F5A-95D1ACE69EE2}"
EndProject
Project("{FAE04EC0-301F-11D3-BF4B-00C04F79EFBC}") = "AnnotationsSampleApp", "sample\AnnotationsSampleApp.csproj", "{B418D73A-9AB9-443C-8C85-800BF41F453A}"
EndProject
Global
	GlobalSection(SolutionConfigurationPlatforms) = preSolution
		Debug|Any CPU = Debug|Any CPU
		Release|Any CPU = Release|Any CPU
	EndGlobalSection
	GlobalSection(ProjectConfigurationPlatforms) = postSolution
		{61717C1E-3A16-4011-A9B3-ED8EA0A2BE73}.Debug|Any CPU.ActiveCfg = Debug|Any CPU
		{61717C1E-3A16-4011-A9B3-ED8EA0A2BE73}.Debug|Any CPU.Build.0 = Debug|Any CPU
		{61717C1E-3A16-4011-A9B3-ED8EA0A2BE73}.Release|Any CPU.ActiveCfg = Release|Any CPU
		{61717C1E-3A16-4011-A9B3-ED8EA0A2BE73}.Release|Any CPU.Build.0 = Release|Any CPU
		{C0D9D824-F6E8-4789-8F5A-95D1ACE69EE2}.Debug|Any CPU.ActiveCfg = Debug|Any CPU
		{C0D9D824-F6E8-4789-8F5A-95D1ACE69EE2}.Debug|Any CPU.Build.0 = Debug|Any CPU
		{C0D9D824-F6E8-4789-8F5A-95D1ACE69EE2}.Release|Any CPU.ActiveCfg = Release|Any CPU
		{C0D9D824-F6E8-4789-8F5A-95D1ACE69EE2}.Release|Any CPU.Build.0 = Release|Any CPU
		{B418D73A-9AB9-443C-8C85-800BF41F453A}.Debug|Any CPU.ActiveCfg = Debug|Any CPU
		{B418D73A-9AB9-443C-8C85-800BF41F453A}.Debug|Any CPU.Build.0 = Debug|Any CPU
		{B418D73A-9AB9-443C-8C85-800BF41F453A}.Release|Any CPU.ActiveCfg = Release|Any CPU
		{B418D73A-9AB9-443C-8C85-800BF41F453A}.Release|Any CPU.Build.0 = Release|Any CPU
	EndGlobalSection
	GlobalSection(SolutionProperties) = preSolution
		HideSolutionNode = FALSE
	EndGlobalSection
	GlobalSection(ExtensibilityGlobals) = postSolution
		SolutionGuid = {A451E6E7-2F45-4B02-810E-89D9F55CD0DB}
	EndGlobalSection
EndGlobal
